
Microsoft Visual Studio Solution File, Format Version 12.00
Project("{FAE04EC0-301F-11D3-BF4B-00C04F79EFBC}") = "Shared", "Shared\Shared.csproj", "{4F1A6602-F756-4741-8619-7F57382E5134}"
EndProject
Project("{FAE04EC0-301F-11D3-BF4B-00C04F79EFBC}") = "WebAPI", "WebAPI\WebAPI.csproj", "{F3E81E30-51AD-4AAF-A7A2-DA3C3F6DBDB8}"
EndProject
Project("{FAE04EC0-301F-11D3-BF4B-00C04F79EFBC}") = "Application", "Application\Application.csproj", "{4B7EF415-8953-41F8-8269-369E4D64FD9B}"
EndProject
Project("{FAE04EC0-301F-11D3-BF4B-00C04F79EFBC}") = "FileData", "FileData\FileData.csproj", "{F0727067-F0D9-49E7-BB6E-3DEEB1650A84}"
EndProject
Project("{FAE04EC0-301F-11D3-BF4B-00C04F79EFBC}") = "BlazorWasm", "BlazorWasm\BlazorWasm.csproj", "{BD5A70CF-6C8E-43A9-BF13-C5D468FA4279}"
EndProject
Global
	GlobalSection(SolutionConfigurationPlatforms) = preSolution
		Debug|Any CPU = Debug|Any CPU
		Release|Any CPU = Release|Any CPU
	EndGlobalSection
	GlobalSection(ProjectConfigurationPlatforms) = postSolution
		{4F1A6602-F756-4741-8619-7F57382E5134}.Debug|Any CPU.ActiveCfg = Debug|Any CPU
		{4F1A6602-F756-4741-8619-7F57382E5134}.Debug|Any CPU.Build.0 = Debug|Any CPU
		{4F1A6602-F756-4741-8619-7F57382E5134}.Release|Any CPU.ActiveCfg = Release|Any CPU
		{4F1A6602-F756-4741-8619-7F57382E5134}.Release|Any CPU.Build.0 = Release|Any CPU
		{F3E81E30-51AD-4AAF-A7A2-DA3C3F6DBDB8}.Debug|Any CPU.ActiveCfg = Debug|Any CPU
		{F3E81E30-51AD-4AAF-A7A2-DA3C3F6DBDB8}.Debug|Any CPU.Build.0 = Debug|Any CPU
		{F3E81E30-51AD-4AAF-A7A2-DA3C3F6DBDB8}.Release|Any CPU.ActiveCfg = Release|Any CPU
		{F3E81E30-51AD-4AAF-A7A2-DA3C3F6DBDB8}.Release|Any CPU.Build.0 = Release|Any CPU
		{4B7EF415-8953-41F8-8269-369E4D64FD9B}.Debug|Any CPU.ActiveCfg = Debug|Any CPU
		{4B7EF415-8953-41F8-8269-369E4D64FD9B}.Debug|Any CPU.Build.0 = Debug|Any CPU
		{4B7EF415-8953-41F8-8269-369E4D64FD9B}.Release|Any CPU.ActiveCfg = Release|Any CPU
		{4B7EF415-8953-41F8-8269-369E4D64FD9B}.Release|Any CPU.Build.0 = Release|Any CPU
		{F0727067-F0D9-49E7-BB6E-3DEEB1650A84}.Debug|Any CPU.ActiveCfg = Debug|Any CPU
		{F0727067-F0D9-49E7-BB6E-3DEEB1650A84}.Debug|Any CPU.Build.0 = Debug|Any CPU
		{F0727067-F0D9-49E7-BB6E-3DEEB1650A84}.Release|Any CPU.ActiveCfg = Release|Any CPU
		{F0727067-F0D9-49E7-BB6E-3DEEB1650A84}.Release|Any CPU.Build.0 = Release|Any CPU
		{BD5A70CF-6C8E-43A9-BF13-C5D468FA4279}.Debug|Any CPU.ActiveCfg = Debug|Any CPU
		{BD5A70CF-6C8E-43A9-BF13-C5D468FA4279}.Debug|Any CPU.Build.0 = Debug|Any CPU
		{BD5A70CF-6C8E-43A9-BF13-C5D468FA4279}.Release|Any CPU.ActiveCfg = Release|Any CPU
		{BD5A70CF-6C8E-43A9-BF13-C5D468FA4279}.Release|Any CPU.Build.0 = Release|Any CPU
	EndGlobalSection
EndGlobal
